// !$*UTF8*$!
{
	archiveVersion = 1;
	classes = {
	};
	objectVersion = 55;
	objects = {

/* Begin PBXBuildFile section */
		A84E0150287DB326009EC52A /* AppDelegate.swift in Sources */ = {isa = PBXBuildFile; fileRef = A84E014F287DB326009EC52A /* AppDelegate.swift */; };
		A84E0154287DB326009EC52A /* LoginViewController.swift in Sources */ = {isa = PBXBuildFile; fileRef = A84E0153287DB326009EC52A /* LoginViewController.swift */; };
		A84E015C287DB327009EC52A /* LaunchScreen.storyboard in Resources */ = {isa = PBXBuildFile; fileRef = A84E015A287DB327009EC52A /* LaunchScreen.storyboard */; };
		A84E0166287ED5C6009EC52A /* LoginView.swift in Sources */ = {isa = PBXBuildFile; fileRef = A84E0165287ED5C6009EC52A /* LoginView.swift */; };
		A84E01692886E804009EC52A /* OnboardingContainerViewController.swift in Sources */ = {isa = PBXBuildFile; fileRef = A84E01682886E804009EC52A /* OnboardingContainerViewController.swift */; };
		A84E018B28884E6F009EC52A /* OnboardingViewController.swift in Sources */ = {isa = PBXBuildFile; fileRef = A84E018A28884E6F009EC52A /* OnboardingViewController.swift */; };
		A885E8E428ABC30F000D85BD /* DummyViewController.swift in Sources */ = {isa = PBXBuildFile; fileRef = A885E8E328ABC30F000D85BD /* DummyViewController.swift */; };
		A885E8E728ABCBF6000D85BD /* LocalState.swift in Sources */ = {isa = PBXBuildFile; fileRef = A885E8E628ABCBF6000D85BD /* LocalState.swift */; };
		A885E92F28AD1CDF000D85BD /* UIViewController+Utils.swift in Sources */ = {isa = PBXBuildFile; fileRef = A885E92E28AD1CDF000D85BD /* UIViewController+Utils.swift */; };
		A885E93128AD2309000D85BD /* MainViewController.swift in Sources */ = {isa = PBXBuildFile; fileRef = A885E93028AD2309000D85BD /* MainViewController.swift */; };
		A885E95428AE5079000D85BD /* AccountSummaryViewController.swift in Sources */ = {isa = PBXBuildFile; fileRef = A885E95328AE5079000D85BD /* AccountSummaryViewController.swift */; };
		A885E95628AE642D000D85BD /* AccountSummaryHeaderView.swift in Sources */ = {isa = PBXBuildFile; fileRef = A885E95528AE642D000D85BD /* AccountSummaryHeaderView.swift */; };
		A885E95828AE647F000D85BD /* AccountSummaryHeaderView.xib in Resources */ = {isa = PBXBuildFile; fileRef = A885E95728AE647F000D85BD /* AccountSummaryHeaderView.xib */; };
		A885E95C28AF93C5000D85BD /* AccountSummaryCell.swift in Sources */ = {isa = PBXBuildFile; fileRef = A885E95B28AF93C5000D85BD /* AccountSummaryCell.swift */; };
		A8C73D2C28E310D8007D7162 /* Assets.xcassets in Resources */ = {isa = PBXBuildFile; fileRef = A8C73D2B28E310D8007D7162 /* Assets.xcassets */; };
		A8C73D3B28E3281E007D7162 /* CurrencyFormatterTests.swift in Sources */ = {isa = PBXBuildFile; fileRef = A8C73D3A28E3281E007D7162 /* CurrencyFormatterTests.swift */; };
		A8C73D3D28E6E7DC007D7162 /* NSNotificationName.swift in Sources */ = {isa = PBXBuildFile; fileRef = A8C73D3C28E6E7DC007D7162 /* NSNotificationName.swift */; };
		A8C73D3F28E6EB21007D7162 /* UITextField+SecureToggle.swift in Sources */ = {isa = PBXBuildFile; fileRef = A8C73D3E28E6EB21007D7162 /* UITextField+SecureToggle.swift */; };
		A8C73D4228E72ACC007D7162 /* ShakeyBellView.swift in Sources */ = {isa = PBXBuildFile; fileRef = A8C73D4128E72ACC007D7162 /* ShakeyBellView.swift */; };
		A8C73D4428EEEABF007D7162 /* Date+Utils.swift in Sources */ = {isa = PBXBuildFile; fileRef = A8C73D4328EEEABF007D7162 /* Date+Utils.swift */; };
		A8C73D4728EEEC02007D7162 /* AccountSummaryViewController+Networking.swift in Sources */ = {isa = PBXBuildFile; fileRef = A8C73D4628EEEC02007D7162 /* AccountSummaryViewController+Networking.swift */; };
		A8CEF0C628B6509E00D55417 /* Decimal+Utils.swift in Sources */ = {isa = PBXBuildFile; fileRef = A8CEF0C528B6509E00D55417 /* Decimal+Utils.swift */; };
		A8CEF0C828B6522900D55417 /* CurrencyFormatter.swift in Sources */ = {isa = PBXBuildFile; fileRef = A8CEF0C728B6522900D55417 /* CurrencyFormatter.swift */; };
		A8D1361F28F847B4004878F9 /* ProfileManager.swift in Sources */ = {isa = PBXBuildFile; fileRef = A8D1361E28F847B4004878F9 /* ProfileManager.swift */; };
		A8D1362128F96E94004878F9 /* AccountSummaryViewControllerTests.swift in Sources */ = {isa = PBXBuildFile; fileRef = A8D1362028F96E94004878F9 /* AccountSummaryViewControllerTests.swift */; };
		A8E71AEC28F021F90050B9CB /* ProfileTests.swift in Sources */ = {isa = PBXBuildFile; fileRef = A8E71AEB28F021F90050B9CB /* ProfileTests.swift */; };
		A8E71AEE28F022950050B9CB /* AccountTests.swift in Sources */ = {isa = PBXBuildFile; fileRef = A8E71AED28F022950050B9CB /* AccountTests.swift */; };
		A8E71AF028F6CE350050B9CB /* SkeletonLoadable.swift in Sources */ = {isa = PBXBuildFile; fileRef = A8E71AEF28F6CE350050B9CB /* SkeletonLoadable.swift */; };
		A8E71AF228F6CFE80050B9CB /* SkeletonCell.swift in Sources */ = {isa = PBXBuildFile; fileRef = A8E71AF128F6CFE80050B9CB /* SkeletonCell.swift */; };
/* End PBXBuildFile section */

/* Begin PBXContainerItemProxy section */
		A8C73D3528E322EC007D7162 /* PBXContainerItemProxy */ = {
			isa = PBXContainerItemProxy;
			containerPortal = A84E0144287DB326009EC52A /* Project object */;
			proxyType = 1;
			remoteGlobalIDString = A84E014B287DB326009EC52A;
			remoteInfo = Bankey;
		};
/* End PBXContainerItemProxy section */

/* Begin PBXFileReference section */
		A84E014C287DB326009EC52A /* Bankey.app */ = {isa = PBXFileReference; explicitFileType = wrapper.application; includeInIndex = 0; path = Bankey.app; sourceTree = BUILT_PRODUCTS_DIR; };
		A84E014F287DB326009EC52A /* AppDelegate.swift */ = {isa = PBXFileReference; lastKnownFileType = sourcecode.swift; path = AppDelegate.swift; sourceTree = "<group>"; };
		A84E0153287DB326009EC52A /* LoginViewController.swift */ = {isa = PBXFileReference; lastKnownFileType = sourcecode.swift; path = LoginViewController.swift; sourceTree = "<group>"; };
		A84E015B287DB327009EC52A /* Base */ = {isa = PBXFileReference; lastKnownFileType = file.storyboard; name = Base; path = Base.lproj/LaunchScreen.storyboard; sourceTree = "<group>"; };
		A84E015D287DB327009EC52A /* Info.plist */ = {isa = PBXFileReference; lastKnownFileType = text.plist.xml; path = Info.plist; sourceTree = "<group>"; };
		A84E0165287ED5C6009EC52A /* LoginView.swift */ = {isa = PBXFileReference; lastKnownFileType = sourcecode.swift; path = LoginView.swift; sourceTree = "<group>"; };
		A84E01682886E804009EC52A /* OnboardingContainerViewController.swift */ = {isa = PBXFileReference; lastKnownFileType = sourcecode.swift; path = OnboardingContainerViewController.swift; sourceTree = "<group>"; };
		A84E018A28884E6F009EC52A /* OnboardingViewController.swift */ = {isa = PBXFileReference; lastKnownFileType = sourcecode.swift; path = OnboardingViewController.swift; sourceTree = "<group>"; };
		A885E8E328ABC30F000D85BD /* DummyViewController.swift */ = {isa = PBXFileReference; lastKnownFileType = sourcecode.swift; path = DummyViewController.swift; sourceTree = "<group>"; };
		A885E8E628ABCBF6000D85BD /* LocalState.swift */ = {isa = PBXFileReference; lastKnownFileType = sourcecode.swift; path = LocalState.swift; sourceTree = "<group>"; };
		A885E92E28AD1CDF000D85BD /* UIViewController+Utils.swift */ = {isa = PBXFileReference; lastKnownFileType = sourcecode.swift; path = "UIViewController+Utils.swift"; sourceTree = "<group>"; };
		A885E93028AD2309000D85BD /* MainViewController.swift */ = {isa = PBXFileReference; lastKnownFileType = sourcecode.swift; path = MainViewController.swift; sourceTree = "<group>"; };
		A885E95328AE5079000D85BD /* AccountSummaryViewController.swift */ = {isa = PBXFileReference; lastKnownFileType = sourcecode.swift; path = AccountSummaryViewController.swift; sourceTree = "<group>"; };
		A885E95528AE642D000D85BD /* AccountSummaryHeaderView.swift */ = {isa = PBXFileReference; lastKnownFileType = sourcecode.swift; path = AccountSummaryHeaderView.swift; sourceTree = "<group>"; };
		A885E95728AE647F000D85BD /* AccountSummaryHeaderView.xib */ = {isa = PBXFileReference; lastKnownFileType = file.xib; path = AccountSummaryHeaderView.xib; sourceTree = "<group>"; };
		A885E95B28AF93C5000D85BD /* AccountSummaryCell.swift */ = {isa = PBXFileReference; lastKnownFileType = sourcecode.swift; path = AccountSummaryCell.swift; sourceTree = "<group>"; };
		A8C73D2B28E310D8007D7162 /* Assets.xcassets */ = {isa = PBXFileReference; lastKnownFileType = folder.assetcatalog; path = Assets.xcassets; sourceTree = "<group>"; };
		A8C73D3128E322EC007D7162 /* BankeyUnitTests.xctest */ = {isa = PBXFileReference; explicitFileType = wrapper.cfbundle; includeInIndex = 0; path = BankeyUnitTests.xctest; sourceTree = BUILT_PRODUCTS_DIR; };
		A8C73D3A28E3281E007D7162 /* CurrencyFormatterTests.swift */ = {isa = PBXFileReference; lastKnownFileType = sourcecode.swift; path = CurrencyFormatterTests.swift; sourceTree = "<group>"; };
		A8C73D3C28E6E7DC007D7162 /* NSNotificationName.swift */ = {isa = PBXFileReference; lastKnownFileType = sourcecode.swift; path = NSNotificationName.swift; sourceTree = "<group>"; };
		A8C73D3E28E6EB21007D7162 /* UITextField+SecureToggle.swift */ = {isa = PBXFileReference; lastKnownFileType = sourcecode.swift; path = "UITextField+SecureToggle.swift"; sourceTree = "<group>"; };
		A8C73D4128E72ACC007D7162 /* ShakeyBellView.swift */ = {isa = PBXFileReference; lastKnownFileType = sourcecode.swift; path = ShakeyBellView.swift; sourceTree = "<group>"; };
		A8C73D4328EEEABF007D7162 /* Date+Utils.swift */ = {isa = PBXFileReference; lastKnownFileType = sourcecode.swift; path = "Date+Utils.swift"; sourceTree = "<group>"; };
		A8C73D4628EEEC02007D7162 /* AccountSummaryViewController+Networking.swift */ = {isa = PBXFileReference; lastKnownFileType = sourcecode.swift; path = "AccountSummaryViewController+Networking.swift"; sourceTree = "<group>"; };
		A8CEF0C528B6509E00D55417 /* Decimal+Utils.swift */ = {isa = PBXFileReference; lastKnownFileType = sourcecode.swift; path = "Decimal+Utils.swift"; sourceTree = "<group>"; };
		A8CEF0C728B6522900D55417 /* CurrencyFormatter.swift */ = {isa = PBXFileReference; lastKnownFileType = sourcecode.swift; path = CurrencyFormatter.swift; sourceTree = "<group>"; };
		A8D1361E28F847B4004878F9 /* ProfileManager.swift */ = {isa = PBXFileReference; lastKnownFileType = sourcecode.swift; path = ProfileManager.swift; sourceTree = "<group>"; };
		A8D1362028F96E94004878F9 /* AccountSummaryViewControllerTests.swift */ = {isa = PBXFileReference; lastKnownFileType = sourcecode.swift; path = AccountSummaryViewControllerTests.swift; sourceTree = "<group>"; };
		A8E71AEB28F021F90050B9CB /* ProfileTests.swift */ = {isa = PBXFileReference; lastKnownFileType = sourcecode.swift; path = ProfileTests.swift; sourceTree = "<group>"; };
		A8E71AED28F022950050B9CB /* AccountTests.swift */ = {isa = PBXFileReference; lastKnownFileType = sourcecode.swift; path = AccountTests.swift; sourceTree = "<group>"; };
		A8E71AEF28F6CE350050B9CB /* SkeletonLoadable.swift */ = {isa = PBXFileReference; lastKnownFileType = sourcecode.swift; path = SkeletonLoadable.swift; sourceTree = "<group>"; };
		A8E71AF128F6CFE80050B9CB /* SkeletonCell.swift */ = {isa = PBXFileReference; lastKnownFileType = sourcecode.swift; path = SkeletonCell.swift; sourceTree = "<group>"; };
/* End PBXFileReference section */

/* Begin PBXFrameworksBuildPhase section */
		A84E0149287DB326009EC52A /* Frameworks */ = {
			isa = PBXFrameworksBuildPhase;
			buildActionMask = 2147483647;
			files = (
			);
			runOnlyForDeploymentPostprocessing = 0;
		};
		A8C73D2E28E322EC007D7162 /* Frameworks */ = {
			isa = PBXFrameworksBuildPhase;
			buildActionMask = 2147483647;
			files = (
			);
			runOnlyForDeploymentPostprocessing = 0;
		};
/* End PBXFrameworksBuildPhase section */

/* Begin PBXGroup section */
		A84E0143287DB326009EC52A = {
			isa = PBXGroup;
			children = (
				A84E014E287DB326009EC52A /* Bankey */,
				A8C73D3228E322EC007D7162 /* BankeyUnitTests */,
				A84E014D287DB326009EC52A /* Products */,
			);
			sourceTree = "<group>";
		};
		A84E014D287DB326009EC52A /* Products */ = {
			isa = PBXGroup;
			children = (
				A84E014C287DB326009EC52A /* Bankey.app */,
				A8C73D3128E322EC007D7162 /* BankeyUnitTests.xctest */,
			);
			name = Products;
			sourceTree = "<group>";
		};
		A84E014E287DB326009EC52A /* Bankey */ = {
			isa = PBXGroup;
			children = (
				A84E014F287DB326009EC52A /* AppDelegate.swift */,
				A885E93028AD2309000D85BD /* MainViewController.swift */,
				A84E0164287ED595009EC52A /* Login */,
				A84E01672886E7BC009EC52A /* Onboarding */,
				A885E95228AE5057000D85BD /* AccountSummary */,
				A885E8E528ABCBE5000D85BD /* Utils */,
				A8C73D4028E72AA6007D7162 /* Components */,
				A84E0163287ED54E009EC52A /* Files */,
			);
			path = Bankey;
			sourceTree = "<group>";
		};
		A84E0163287ED54E009EC52A /* Files */ = {
			isa = PBXGroup;
			children = (
				A84E015A287DB327009EC52A /* LaunchScreen.storyboard */,
				A84E015D287DB327009EC52A /* Info.plist */,
				A8C73D2B28E310D8007D7162 /* Assets.xcassets */,
			);
			name = Files;
			sourceTree = "<group>";
		};
		A84E0164287ED595009EC52A /* Login */ = {
			isa = PBXGroup;
			children = (
				A84E0153287DB326009EC52A /* LoginViewController.swift */,
				A84E0165287ED5C6009EC52A /* LoginView.swift */,
				A885E8E328ABC30F000D85BD /* DummyViewController.swift */,
			);
			path = Login;
			sourceTree = "<group>";
		};
		A84E01672886E7BC009EC52A /* Onboarding */ = {
			isa = PBXGroup;
			children = (
				A84E01682886E804009EC52A /* OnboardingContainerViewController.swift */,
				A84E018A28884E6F009EC52A /* OnboardingViewController.swift */,
			);
			path = Onboarding;
			sourceTree = "<group>";
		};
		A885E8E528ABCBE5000D85BD /* Utils */ = {
			isa = PBXGroup;
			children = (
				A885E92E28AD1CDF000D85BD /* UIViewController+Utils.swift */,
				A8C73D3E28E6EB21007D7162 /* UITextField+SecureToggle.swift */,
				A8CEF0C528B6509E00D55417 /* Decimal+Utils.swift */,
				A885E8E628ABCBF6000D85BD /* LocalState.swift */,
				A8CEF0C728B6522900D55417 /* CurrencyFormatter.swift */,
				A8C73D3C28E6E7DC007D7162 /* NSNotificationName.swift */,
				A8C73D4328EEEABF007D7162 /* Date+Utils.swift */,
			);
			path = Utils;
			sourceTree = "<group>";
		};
		A885E95228AE5057000D85BD /* AccountSummary */ = {
			isa = PBXGroup;
			children = (
				A885E95328AE5079000D85BD /* AccountSummaryViewController.swift */,
				A8C73D4628EEEC02007D7162 /* AccountSummaryViewController+Networking.swift */,
				A885E95928AF9371000D85BD /* Header */,
				A885E95A28AF9396000D85BD /* Cells */,
				A8D1361D28F8477B004878F9 /* Networking */,
			);
			path = AccountSummary;
			sourceTree = "<group>";
		};
		A885E95928AF9371000D85BD /* Header */ = {
			isa = PBXGroup;
			children = (
				A885E95528AE642D000D85BD /* AccountSummaryHeaderView.swift */,
				A885E95728AE647F000D85BD /* AccountSummaryHeaderView.xib */,
			);
			path = Header;
			sourceTree = "<group>";
		};
		A885E95A28AF9396000D85BD /* Cells */ = {
			isa = PBXGroup;
			children = (
				A885E95B28AF93C5000D85BD /* AccountSummaryCell.swift */,
				A8E71AEF28F6CE350050B9CB /* SkeletonLoadable.swift */,
				A8E71AF128F6CFE80050B9CB /* SkeletonCell.swift */,
			);
			path = Cells;
			sourceTree = "<group>";
		};
		A8C73D3228E322EC007D7162 /* BankeyUnitTests */ = {
			isa = PBXGroup;
			children = (
				A8E71AEA28F021B80050B9CB /* AccountSummary */,
				A8E71AE928F021A40050B9CB /* Utils */,
			);
			path = BankeyUnitTests;
			sourceTree = "<group>";
		};
		A8C73D4028E72AA6007D7162 /* Components */ = {
			isa = PBXGroup;
			children = (
				A8C73D4128E72ACC007D7162 /* ShakeyBellView.swift */,
			);
			path = Components;
			sourceTree = "<group>";
		};
		A8D1361D28F8477B004878F9 /* Networking */ = {
			isa = PBXGroup;
			children = (
				A8D1361E28F847B4004878F9 /* ProfileManager.swift */,
			);
			path = Networking;
			sourceTree = "<group>";
		};
		A8E71AE928F021A40050B9CB /* Utils */ = {
			isa = PBXGroup;
			children = (
				A8C73D3A28E3281E007D7162 /* CurrencyFormatterTests.swift */,
			);
			path = Utils;
			sourceTree = "<group>";
		};
		A8E71AEA28F021B80050B9CB /* AccountSummary */ = {
			isa = PBXGroup;
			children = (
				A8E71AEB28F021F90050B9CB /* ProfileTests.swift */,
				A8E71AED28F022950050B9CB /* AccountTests.swift */,
				A8D1362028F96E94004878F9 /* AccountSummaryViewControllerTests.swift */,
			);
			path = AccountSummary;
			sourceTree = "<group>";
		};
/* End PBXGroup section */

/* Begin PBXNativeTarget section */
		A84E014B287DB326009EC52A /* Bankey */ = {
			isa = PBXNativeTarget;
			buildConfigurationList = A84E0160287DB327009EC52A /* Build configuration list for PBXNativeTarget "Bankey" */;
			buildPhases = (
				A84E0148287DB326009EC52A /* Sources */,
				A84E0149287DB326009EC52A /* Frameworks */,
				A84E014A287DB326009EC52A /* Resources */,
			);
			buildRules = (
			);
			dependencies = (
			);
			name = Bankey;
			productName = Bankey;
			productReference = A84E014C287DB326009EC52A /* Bankey.app */;
			productType = "com.apple.product-type.application";
		};
		A8C73D3028E322EC007D7162 /* BankeyUnitTests */ = {
			isa = PBXNativeTarget;
			buildConfigurationList = A8C73D3728E322EC007D7162 /* Build configuration list for PBXNativeTarget "BankeyUnitTests" */;
			buildPhases = (
				A8C73D2D28E322EC007D7162 /* Sources */,
				A8C73D2E28E322EC007D7162 /* Frameworks */,
				A8C73D2F28E322EC007D7162 /* Resources */,
			);
			buildRules = (
			);
			dependencies = (
				A8C73D3628E322EC007D7162 /* PBXTargetDependency */,
			);
			name = BankeyUnitTests;
			productName = BankeyUnitTests;
			productReference = A8C73D3128E322EC007D7162 /* BankeyUnitTests.xctest */;
			productType = "com.apple.product-type.bundle.unit-test";
		};
/* End PBXNativeTarget section */

/* Begin PBXProject section */
		A84E0144287DB326009EC52A /* Project object */ = {
			isa = PBXProject;
			attributes = {
				BuildIndependentTargetsInParallel = 1;
				LastSwiftUpdateCheck = 1340;
				LastUpgradeCheck = 1340;
				TargetAttributes = {
					A84E014B287DB326009EC52A = {
						CreatedOnToolsVersion = 13.4.1;
					};
					A8C73D3028E322EC007D7162 = {
						CreatedOnToolsVersion = 13.4.1;
						LastSwiftMigration = 1340;
						TestTargetID = A84E014B287DB326009EC52A;
					};
				};
			};
			buildConfigurationList = A84E0147287DB326009EC52A /* Build configuration list for PBXProject "Bankey" */;
			compatibilityVersion = "Xcode 13.0";
			developmentRegion = en;
			hasScannedForEncodings = 0;
			knownRegions = (
				en,
				Base,
			);
			mainGroup = A84E0143287DB326009EC52A;
			productRefGroup = A84E014D287DB326009EC52A /* Products */;
			projectDirPath = "";
			projectRoot = "";
			targets = (
				A84E014B287DB326009EC52A /* Bankey */,
				A8C73D3028E322EC007D7162 /* BankeyUnitTests */,
			);
		};
/* End PBXProject section */

/* Begin PBXResourcesBuildPhase section */
		A84E014A287DB326009EC52A /* Resources */ = {
			isa = PBXResourcesBuildPhase;
			buildActionMask = 2147483647;
			files = (
				A885E95828AE647F000D85BD /* AccountSummaryHeaderView.xib in Resources */,
				A8C73D2C28E310D8007D7162 /* Assets.xcassets in Resources */,
				A84E015C287DB327009EC52A /* LaunchScreen.storyboard in Resources */,
			);
			runOnlyForDeploymentPostprocessing = 0;
		};
		A8C73D2F28E322EC007D7162 /* Resources */ = {
			isa = PBXResourcesBuildPhase;
			buildActionMask = 2147483647;
			files = (
			);
			runOnlyForDeploymentPostprocessing = 0;
		};
/* End PBXResourcesBuildPhase section */

/* Begin PBXSourcesBuildPhase section */
		A84E0148287DB326009EC52A /* Sources */ = {
			isa = PBXSourcesBuildPhase;
			buildActionMask = 2147483647;
			files = (
				A885E92F28AD1CDF000D85BD /* UIViewController+Utils.swift in Sources */,
				A8E71AF228F6CFE80050B9CB /* SkeletonCell.swift in Sources */,
				A8C73D4428EEEABF007D7162 /* Date+Utils.swift in Sources */,
				A8D1361F28F847B4004878F9 /* ProfileManager.swift in Sources */,
				A84E0166287ED5C6009EC52A /* LoginView.swift in Sources */,
				A885E8E728ABCBF6000D85BD /* LocalState.swift in Sources */,
				A885E95628AE642D000D85BD /* AccountSummaryHeaderView.swift in Sources */,
				A8C73D3F28E6EB21007D7162 /* UITextField+SecureToggle.swift in Sources */,
				A885E8E428ABC30F000D85BD /* DummyViewController.swift in Sources */,
				A8CEF0C828B6522900D55417 /* CurrencyFormatter.swift in Sources */,
				A8CEF0C628B6509E00D55417 /* Decimal+Utils.swift in Sources */,
				A8C73D3D28E6E7DC007D7162 /* NSNotificationName.swift in Sources */,
				A84E0154287DB326009EC52A /* LoginViewController.swift in Sources */,
				A8C73D4228E72ACC007D7162 /* ShakeyBellView.swift in Sources */,
				A885E95C28AF93C5000D85BD /* AccountSummaryCell.swift in Sources */,
				A84E018B28884E6F009EC52A /* OnboardingViewController.swift in Sources */,
				A885E93128AD2309000D85BD /* MainViewController.swift in Sources */,
				A885E95428AE5079000D85BD /* AccountSummaryViewController.swift in Sources */,
				A84E0150287DB326009EC52A /* AppDelegate.swift in Sources */,
				A84E01692886E804009EC52A /* OnboardingContainerViewController.swift in Sources */,
				A8E71AF028F6CE350050B9CB /* SkeletonLoadable.swift in Sources */,
				A8C73D4728EEEC02007D7162 /* AccountSummaryViewController+Networking.swift in Sources */,
			);
			runOnlyForDeploymentPostprocessing = 0;
		};
		A8C73D2D28E322EC007D7162 /* Sources */ = {
			isa = PBXSourcesBuildPhase;
			buildActionMask = 2147483647;
			files = (
				A8C73D3B28E3281E007D7162 /* CurrencyFormatterTests.swift in Sources */,
				A8E71AEE28F022950050B9CB /* AccountTests.swift in Sources */,
				A8E71AEC28F021F90050B9CB /* ProfileTests.swift in Sources */,
				A8D1362128F96E94004878F9 /* AccountSummaryViewControllerTests.swift in Sources */,
			);
			runOnlyForDeploymentPostprocessing = 0;
		};
/* End PBXSourcesBuildPhase section */

/* Begin PBXTargetDependency section */
		A8C73D3628E322EC007D7162 /* PBXTargetDependency */ = {
			isa = PBXTargetDependency;
			target = A84E014B287DB326009EC52A /* Bankey */;
			targetProxy = A8C73D3528E322EC007D7162 /* PBXContainerItemProxy */;
		};
/* End PBXTargetDependency section */

/* Begin PBXVariantGroup section */
		A84E015A287DB327009EC52A /* LaunchScreen.storyboard */ = {
			isa = PBXVariantGroup;
			children = (
				A84E015B287DB327009EC52A /* Base */,
			);
			name = LaunchScreen.storyboard;
			sourceTree = "<group>";
		};
/* End PBXVariantGroup section */

/* Begin XCBuildConfiguration section */
		A84E015E287DB327009EC52A /* Debug */ = {
			isa = XCBuildConfiguration;
			buildSettings = {
				ALWAYS_SEARCH_USER_PATHS = NO;
				CLANG_ANALYZER_NONNULL = YES;
				CLANG_ANALYZER_NUMBER_OBJECT_CONVERSION = YES_AGGRESSIVE;
				CLANG_CXX_LANGUAGE_STANDARD = "gnu++17";
				CLANG_ENABLE_MODULES = YES;
				CLANG_ENABLE_OBJC_ARC = YES;
				CLANG_ENABLE_OBJC_WEAK = YES;
				CLANG_WARN_BLOCK_CAPTURE_AUTORELEASING = YES;
				CLANG_WARN_BOOL_CONVERSION = YES;
				CLANG_WARN_COMMA = YES;
				CLANG_WARN_CONSTANT_CONVERSION = YES;
				CLANG_WARN_DEPRECATED_OBJC_IMPLEMENTATIONS = YES;
				CLANG_WARN_DIRECT_OBJC_ISA_USAGE = YES_ERROR;
				CLANG_WARN_DOCUMENTATION_COMMENTS = YES;
				CLANG_WARN_EMPTY_BODY = YES;
				CLANG_WARN_ENUM_CONVERSION = YES;
				CLANG_WARN_INFINITE_RECURSION = YES;
				CLANG_WARN_INT_CONVERSION = YES;
				CLANG_WARN_NON_LITERAL_NULL_CONVERSION = YES;
				CLANG_WARN_OBJC_IMPLICIT_RETAIN_SELF = YES;
				CLANG_WARN_OBJC_LITERAL_CONVERSION = YES;
				CLANG_WARN_OBJC_ROOT_CLASS = YES_ERROR;
				CLANG_WARN_QUOTED_INCLUDE_IN_FRAMEWORK_HEADER = YES;
				CLANG_WARN_RANGE_LOOP_ANALYSIS = YES;
				CLANG_WARN_STRICT_PROTOTYPES = YES;
				CLANG_WARN_SUSPICIOUS_MOVE = YES;
				CLANG_WARN_UNGUARDED_AVAILABILITY = YES_AGGRESSIVE;
				CLANG_WARN_UNREACHABLE_CODE = YES;
				CLANG_WARN__DUPLICATE_METHOD_MATCH = YES;
				COPY_PHASE_STRIP = NO;
				DEBUG_INFORMATION_FORMAT = dwarf;
				ENABLE_STRICT_OBJC_MSGSEND = YES;
				ENABLE_TESTABILITY = YES;
				GCC_C_LANGUAGE_STANDARD = gnu11;
				GCC_DYNAMIC_NO_PIC = NO;
				GCC_NO_COMMON_BLOCKS = YES;
				GCC_OPTIMIZATION_LEVEL = 0;
				GCC_PREPROCESSOR_DEFINITIONS = (
					"DEBUG=1",
					"$(inherited)",
				);
				GCC_WARN_64_TO_32_BIT_CONVERSION = YES;
				GCC_WARN_ABOUT_RETURN_TYPE = YES_ERROR;
				GCC_WARN_UNDECLARED_SELECTOR = YES;
				GCC_WARN_UNINITIALIZED_AUTOS = YES_AGGRESSIVE;
				GCC_WARN_UNUSED_FUNCTION = YES;
				GCC_WARN_UNUSED_VARIABLE = YES;
				IPHONEOS_DEPLOYMENT_TARGET = 15.5;
				MTL_ENABLE_DEBUG_INFO = INCLUDE_SOURCE;
				MTL_FAST_MATH = YES;
				ONLY_ACTIVE_ARCH = YES;
				SDKROOT = iphoneos;
				SWIFT_ACTIVE_COMPILATION_CONDITIONS = DEBUG;
				SWIFT_OPTIMIZATION_LEVEL = "-Onone";
			};
			name = Debug;
		};
		A84E015F287DB327009EC52A /* Release */ = {
			isa = XCBuildConfiguration;
			buildSettings = {
				ALWAYS_SEARCH_USER_PATHS = NO;
				CLANG_ANALYZER_NONNULL = YES;
				CLANG_ANALYZER_NUMBER_OBJECT_CONVERSION = YES_AGGRESSIVE;
				CLANG_CXX_LANGUAGE_STANDARD = "gnu++17";
				CLANG_ENABLE_MODULES = YES;
				CLANG_ENABLE_OBJC_ARC = YES;
				CLANG_ENABLE_OBJC_WEAK = YES;
				CLANG_WARN_BLOCK_CAPTURE_AUTORELEASING = YES;
				CLANG_WARN_BOOL_CONVERSION = YES;
				CLANG_WARN_COMMA = YES;
				CLANG_WARN_CONSTANT_CONVERSION = YES;
				CLANG_WARN_DEPRECATED_OBJC_IMPLEMENTATIONS = YES;
				CLANG_WARN_DIRECT_OBJC_ISA_USAGE = YES_ERROR;
				CLANG_WARN_DOCUMENTATION_COMMENTS = YES;
				CLANG_WARN_EMPTY_BODY = YES;
				CLANG_WARN_ENUM_CONVERSION = YES;
				CLANG_WARN_INFINITE_RECURSION = YES;
				CLANG_WARN_INT_CONVERSION = YES;
				CLANG_WARN_NON_LITERAL_NULL_CONVERSION = YES;
				CLANG_WARN_OBJC_IMPLICIT_RETAIN_SELF = YES;
				CLANG_WARN_OBJC_LITERAL_CONVERSION = YES;
				CLANG_WARN_OBJC_ROOT_CLASS = YES_ERROR;
				CLANG_WARN_QUOTED_INCLUDE_IN_FRAMEWORK_HEADER = YES;
				CLANG_WARN_RANGE_LOOP_ANALYSIS = YES;
				CLANG_WARN_STRICT_PROTOTYPES = YES;
				CLANG_WARN_SUSPICIOUS_MOVE = YES;
				CLANG_WARN_UNGUARDED_AVAILABILITY = YES_AGGRESSIVE;
				CLANG_WARN_UNREACHABLE_CODE = YES;
				CLANG_WARN__DUPLICATE_METHOD_MATCH = YES;
				COPY_PHASE_STRIP = NO;
				DEBUG_INFORMATION_FORMAT = "dwarf-with-dsym";
				ENABLE_NS_ASSERTIONS = NO;
				ENABLE_STRICT_OBJC_MSGSEND = YES;
				GCC_C_LANGUAGE_STANDARD = gnu11;
				GCC_NO_COMMON_BLOCKS = YES;
				GCC_WARN_64_TO_32_BIT_CONVERSION = YES;
				GCC_WARN_ABOUT_RETURN_TYPE = YES_ERROR;
				GCC_WARN_UNDECLARED_SELECTOR = YES;
				GCC_WARN_UNINITIALIZED_AUTOS = YES_AGGRESSIVE;
				GCC_WARN_UNUSED_FUNCTION = YES;
				GCC_WARN_UNUSED_VARIABLE = YES;
				IPHONEOS_DEPLOYMENT_TARGET = 15.5;
				MTL_ENABLE_DEBUG_INFO = NO;
				MTL_FAST_MATH = YES;
				SDKROOT = iphoneos;
				SWIFT_COMPILATION_MODE = wholemodule;
				SWIFT_OPTIMIZATION_LEVEL = "-O";
				VALIDATE_PRODUCT = YES;
			};
			name = Release;
		};
		A84E0161287DB327009EC52A /* Debug */ = {
			isa = XCBuildConfiguration;
			buildSettings = {
				ASSETCATALOG_COMPILER_APPICON_NAME = AppIcon;
				ASSETCATALOG_COMPILER_GLOBAL_ACCENT_COLOR_NAME = AccentColor;
				CODE_SIGN_STYLE = Automatic;
				CURRENT_PROJECT_VERSION = 1;
				DEVELOPMENT_TEAM = 9Y45VAY56A;
				GENERATE_INFOPLIST_FILE = YES;
				INFOPLIST_FILE = Bankey/Info.plist;
				INFOPLIST_KEY_UIApplicationSupportsIndirectInputEvents = YES;
				INFOPLIST_KEY_UILaunchStoryboardName = LaunchScreen;
				INFOPLIST_KEY_UISupportedInterfaceOrientations_iPad = "UIInterfaceOrientationPortrait UIInterfaceOrientationPortraitUpsideDown UIInterfaceOrientationLandscapeLeft UIInterfaceOrientationLandscapeRight";
				INFOPLIST_KEY_UISupportedInterfaceOrientations_iPhone = "UIInterfaceOrientationPortrait UIInterfaceOrientationLandscapeLeft UIInterfaceOrientationLandscapeRight";
				LD_RUNPATH_SEARCH_PATHS = (
					"$(inherited)",
					"@executable_path/Frameworks",
				);
				MARKETING_VERSION = 1.0;
				PRODUCT_BUNDLE_IDENTIFIER = AlexandraMatveeva.Bankey;
				PRODUCT_NAME = "$(TARGET_NAME)";
				SWIFT_EMIT_LOC_STRINGS = YES;
				SWIFT_VERSION = 5.0;
				TARGETED_DEVICE_FAMILY = "1,2";
			};
			name = Debug;
		};
		A84E0162287DB327009EC52A /* Release */ = {
			isa = XCBuildConfiguration;
			buildSettings = {
				ASSETCATALOG_COMPILER_APPICON_NAME = AppIcon;
				ASSETCATALOG_COMPILER_GLOBAL_ACCENT_COLOR_NAME = AccentColor;
				CODE_SIGN_STYLE = Automatic;
				CURRENT_PROJECT_VERSION = 1;
				DEVELOPMENT_TEAM = 9Y45VAY56A;
				GENERATE_INFOPLIST_FILE = YES;
				INFOPLIST_FILE = Bankey/Info.plist;
				INFOPLIST_KEY_UIApplicationSupportsIndirectInputEvents = YES;
				INFOPLIST_KEY_UILaunchStoryboardName = LaunchScreen;
				INFOPLIST_KEY_UISupportedInterfaceOrientations_iPad = "UIInterfaceOrientationPortrait UIInterfaceOrientationPortraitUpsideDown UIInterfaceOrientationLandscapeLeft UIInterfaceOrientationLandscapeRight";
				INFOPLIST_KEY_UISupportedInterfaceOrientations_iPhone = "UIInterfaceOrientationPortrait UIInterfaceOrientationLandscapeLeft UIInterfaceOrientationLandscapeRight";
				LD_RUNPATH_SEARCH_PATHS = (
					"$(inherited)",
					"@executable_path/Frameworks",
				);
				MARKETING_VERSION = 1.0;
				PRODUCT_BUNDLE_IDENTIFIER = AlexandraMatveeva.Bankey;
				PRODUCT_NAME = "$(TARGET_NAME)";
				SWIFT_EMIT_LOC_STRINGS = YES;
				SWIFT_VERSION = 5.0;
				TARGETED_DEVICE_FAMILY = "1,2";
			};
			name = Release;
		};
		A8C73D3828E322EC007D7162 /* Debug */ = {
			isa = XCBuildConfiguration;
			buildSettings = {
				BUNDLE_LOADER = "$(TEST_HOST)";
				CLANG_ENABLE_MODULES = YES;
				CODE_SIGN_STYLE = Automatic;
				CURRENT_PROJECT_VERSION = 1;
				DEVELOPMENT_TEAM = 9Y45VAY56A;
				GENERATE_INFOPLIST_FILE = YES;
				LD_RUNPATH_SEARCH_PATHS = (
					"$(inherited)",
					"@executable_path/Frameworks",
					"@loader_path/Frameworks",
				);
				MARKETING_VERSION = 1.0;
				PRODUCT_BUNDLE_IDENTIFIER = AlexandraMatveeva.BankeyUnitTests;
				PRODUCT_NAME = "$(TARGET_NAME)";
				SWIFT_EMIT_LOC_STRINGS = NO;
				SWIFT_OPTIMIZATION_LEVEL = "-Onone";
				SWIFT_VERSION = 5.0;
				TARGETED_DEVICE_FAMILY = "1,2";
				TEST_HOST = "$(BUILT_PRODUCTS_DIR)/Bankey.app/Bankey";
			};
			name = Debug;
		};
		A8C73D3928E322EC007D7162 /* Release */ = {
			isa = XCBuildConfiguration;
			buildSettings = {
				BUNDLE_LOADER = "$(TEST_HOST)";
				CLANG_ENABLE_MODULES = YES;
				CODE_SIGN_STYLE = Automatic;
				CURRENT_PROJECT_VERSION = 1;
				DEVELOPMENT_TEAM = 9Y45VAY56A;
				GENERATE_INFOPLIST_FILE = YES;
				LD_RUNPATH_SEARCH_PATHS = (
					"$(inherited)",
					"@executable_path/Frameworks",
					"@loader_path/Frameworks",
				);
				MARKETING_VERSION = 1.0;
				PRODUCT_BUNDLE_IDENTIFIER = AlexandraMatveeva.BankeyUnitTests;
				PRODUCT_NAME = "$(TARGET_NAME)";
				SWIFT_EMIT_LOC_STRINGS = NO;
				SWIFT_VERSION = 5.0;
				TARGETED_DEVICE_FAMILY = "1,2";
				TEST_HOST = "$(BUILT_PRODUCTS_DIR)/Bankey.app/Bankey";
			};
			name = Release;
		};
/* End XCBuildConfiguration section */

/* Begin XCConfigurationList section */
		A84E0147287DB326009EC52A /* Build configuration list for PBXProject "Bankey" */ = {
			isa = XCConfigurationList;
			buildConfigurations = (
				A84E015E287DB327009EC52A /* Debug */,
				A84E015F287DB327009EC52A /* Release */,
			);
			defaultConfigurationIsVisible = 0;
			defaultConfigurationName = Release;
		};
		A84E0160287DB327009EC52A /* Build configuration list for PBXNativeTarget "Bankey" */ = {
			isa = XCConfigurationList;
			buildConfigurations = (
				A84E0161287DB327009EC52A /* Debug */,
				A84E0162287DB327009EC52A /* Release */,
			);
			defaultConfigurationIsVisible = 0;
			defaultConfigurationName = Release;
		};
		A8C73D3728E322EC007D7162 /* Build configuration list for PBXNativeTarget "BankeyUnitTests" */ = {
			isa = XCConfigurationList;
			buildConfigurations = (
				A8C73D3828E322EC007D7162 /* Debug */,
				A8C73D3928E322EC007D7162 /* Release */,
			);
			defaultConfigurationIsVisible = 0;
			defaultConfigurationName = Release;
		};
/* End XCConfigurationList section */
	};
	rootObject = A84E0144287DB326009EC52A /* Project object */;
}
